
Microsoft Visual Studio Solution File, Format Version 12.00
Project("{FAE04EC0-301F-11D3-BF4B-00C04F79EFBC}") = "LucidKit.Core", "LucidKit.Core\LucidKit.Core.csproj", "{5DF0D2DD-B06B-47E6-AADF-90F12D9FC0F9}"
EndProject
Project("{FAE04EC0-301F-11D3-BF4B-00C04F79EFBC}") = "LucidKit.Runtime", "LucidKit.Runtime\LucidKit.Runtime.csproj", "{C6F3EF42-4C32-4C68-A1C1-6BBB0E18E9FB}"
EndProject
Global
	GlobalSection(SolutionConfigurationPlatforms) = preSolution
		Debug|Any CPU = Debug|Any CPU
		Release|Any CPU = Release|Any CPU
	EndGlobalSection
	GlobalSection(ProjectConfigurationPlatforms) = postSolution
		{5DF0D2DD-B06B-47E6-AADF-90F12D9FC0F9}.Debug|Any CPU.ActiveCfg = Debug|Any CPU
		{5DF0D2DD-B06B-47E6-AADF-90F12D9FC0F9}.Debug|Any CPU.Build.0 = Debug|Any CPU
		{5DF0D2DD-B06B-47E6-AADF-90F12D9FC0F9}.Release|Any CPU.ActiveCfg = Release|Any CPU
		{5DF0D2DD-B06B-47E6-AADF-90F12D9FC0F9}.Release|Any CPU.Build.0 = Release|Any CPU
		{C6F3EF42-4C32-4C68-A1C1-6BBB0E18E9FB}.Debug|Any CPU.ActiveCfg = Debug|Any CPU
		{C6F3EF42-4C32-4C68-A1C1-6BBB0E18E9FB}.Debug|Any CPU.Build.0 = Debug|Any CPU
		{C6F3EF42-4C32-4C68-A1C1-6BBB0E18E9FB}.Release|Any CPU.ActiveCfg = Debug|Any CPU
		{C6F3EF42-4C32-4C68-A1C1-6BBB0E18E9FB}.Release|Any CPU.Build.0 = Debug|Any CPU
	EndGlobalSection
EndGlobal
